
Microsoft Visual Studio Solution File, Format Version 12.00
# Visual Studio Version 17
VisualStudioVersion = 17.9.34723.18
MinimumVisualStudioVersion = 10.0.40219.1
Project("{888888A0-9F3D-457C-B088-3A5042F75D52}") = "StremlitPython2", "StremlitPython2\StremlitPython2.pyproj", "{89B52234-13D3-4343-818D-6297C0E3148B}"
EndProject
Global
	GlobalSection(SolutionConfigurationPlatforms) = preSolution
		Debug|Any CPU = Debug|Any CPU
		Release|Any CPU = Release|Any CPU
	EndGlobalSection
	GlobalSection(ProjectConfigurationPlatforms) = postSolution
		{89B52234-13D3-4343-818D-6297C0E3148B}.Debug|Any CPU.ActiveCfg = Debug|Any CPU
		{89B52234-13D3-4343-818D-6297C0E3148B}.Release|Any CPU.ActiveCfg = Release|Any CPU
	EndGlobalSection
	GlobalSection(SolutionProperties) = preSolution
		HideSolutionNode = FALSE
	EndGlobalSection
	GlobalSection(ExtensibilityGlobals) = postSolution
		SolutionGuid = {6F846360-755F-4314-96C0-4931BA1DFDE5}
	EndGlobalSection
EndGlobal
